<?xml version="1.0" encoding="utf-8"?>
<Project ToolsVersion="17.0" xmlns="http://schemas.microsoft.com/developer/msbuild/2003">
  <ItemGroup>
    <ClCompile Include="C:\Users\Micha\Desktop\4. Semester\C++\Labor\Labor1\Labor1\main.cpp">
      <Filter>Source Files</Filter>
    </ClCompile>
    <ClCompile Include="C:\Users\Micha\Desktop\4. Semester\C++\Labor\Labor1\Labor1\Labor1.cpp">
      <Filter>Source Files</Filter>
    </ClCompile>
  </ItemGroup>
  <ItemGroup>
    <ClInclude Include="C:\Users\Micha\Desktop\4. Semester\C++\Labor\Labor1\Labor1\main.h">
      <Filter>Header Files</Filter>
    </ClInclude>
    <ClInclude Include="C:\Users\Micha\Desktop\4. Semester\C++\Labor\Labor1\Labor1\Labor1.h">
      <Filter>Header Files</Filter>
    </ClInclude>
  </ItemGroup>
  <ItemGroup>
    <CustomBuild Include="C:\Users\Micha\Desktop\4. Semester\C++\Labor\Labor1\Labor1\CMakeLists.txt" />
  </ItemGroup>
  <ItemGroup>
    <None Include="C:\Users\Micha\Desktop\4. Semester\C++\Labor\Labor1\Labor1\Text.txt" />
  </ItemGroup>
  <ItemGroup>
    <Filter Include="Header Files">
      <UniqueIdentifier>{A2999F11-4554-3393-A256-B720535FEBE1}</UniqueIdentifier>
    </Filter>
    <Filter Include="Source Files">
      <UniqueIdentifier>{4DBA6DAA-1B53-3356-A75B-D75773B01D83}</UniqueIdentifier>
    </Filter>
  </ItemGroup>
</Project>
